
Microsoft Visual Studio Solution File, Format Version 12.00
# Visual Studio Version 17
VisualStudioVersion = 17.4.33213.308
MinimumVisualStudioVersion = 10.0.40219.1
Project("{9A19103F-16F7-4668-BE54-9A1E7A4F7556}") = "SqsPublisher", "Sqs\SqsPublisher\SqsPublisher.csproj", "{BF496D01-721C-4977-94CD-D4FBFD28AA7A}"
EndProject
Project("{2150E333-8FDC-42A3-9474-1A3956D46DE8}") = "Sqs", "Sqs", "{B59B1FDF-40A0-4323-AD8B-9BB55CEB6D40}"
EndProject
Project("{9A19103F-16F7-4668-BE54-9A1E7A4F7556}") = "SqsConsumer", "Sqs\SqsConsumer\SqsConsumer.csproj", "{FBE29CEF-4EDC-42F8-8655-8FFB38542862}"
EndProject
Project("{2150E333-8FDC-42A3-9474-1A3956D46DE8}") = "Solution Items", "Solution Items", "{35E60183-A9E1-42DC-AA29-0533561157DA}"
	ProjectSection(SolutionItems) = preProject
		.gitattributes = .gitattributes
		.gitignore = .gitignore
		AWSFundamentals = AWSFundamentals
		README.md = README.md
	EndProjectSection
EndProject
Project("{9A19103F-16F7-4668-BE54-9A1E7A4F7556}") = "Customers.Api", "Sqs\Customers.Api\Customers.Api.csproj", "{7D1FC558-8EB3-43E7-ABBF-EBE0D37CAA9D}"
EndProject
Project("{9A19103F-16F7-4668-BE54-9A1E7A4F7556}") = "Customers.Consumer", "Sqs\Customers.Consumer\Customers.Consumer.csproj", "{B10D6FF5-8970-4667-AB32-8EE1670E69C4}"
EndProject
Project("{2150E333-8FDC-42A3-9474-1A3956D46DE8}") = "Sns", "Sns", "{4F3D67B8-F577-49B5-8E3C-5977B235F48D}"
EndProject
Project("{9A19103F-16F7-4668-BE54-9A1E7A4F7556}") = "SnsPublisher", "Sns\SnsPublisher\SnsPublisher.csproj", "{F0E9B080-D276-4A37-B053-40D82E0EB37E}"
EndProject
Project("{9A19103F-16F7-4668-BE54-9A1E7A4F7556}") = "SqsConsumer", "Sns\SqsConsumer\SqsConsumer.csproj", "{C12D53C4-C132-456D-AD33-7EBEE194C7F9}"
EndProject
Project("{9A19103F-16F7-4668-BE54-9A1E7A4F7556}") = "Customers.Api", "Sns\Customers.Api\Customers.Api.csproj", "{1EB5D86F-BE20-4265-A298-2ED683692355}"
EndProject
Project("{2150E333-8FDC-42A3-9474-1A3956D46DE8}") = "DynamoDb", "DynamoDb", "{487279A0-14CC-4C73-98AF-1D21C7D9B8E3}"
EndProject
Project("{9A19103F-16F7-4668-BE54-9A1E7A4F7556}") = "Customers.Api", "DynamoDb\Customers.Api\Customers.Api.csproj", "{AED806DA-C0B6-461A-AF58-E82C23F2FDF8}"
EndProject
Project("{9A19103F-16F7-4668-BE54-9A1E7A4F7556}") = "Movies.Api", "DynamoDb\Movies.Api\Movies.Api.csproj", "{425203BE-D80E-4C33-940F-FA0FA12E31A7}"
EndProject
Project("{2150E333-8FDC-42A3-9474-1A3956D46DE8}") = "S3", "S3", "{CD9F13EE-6EC7-4C07-957B-C2AA91AFBFC0}"
EndProject
Project("{9A19103F-16F7-4668-BE54-9A1E7A4F7556}") = "Customers.Api", "S3\Customers.Api\Customers.Api.csproj", "{E6A4124B-A46F-4659-A79F-B9F6EF66A4BB}"
EndProject
Project("{FAE04EC0-301F-11D3-BF4B-00C04F79EFBC}") = "S3Playground", "S3\S3Playground\S3Playground.csproj", "{DDF424A6-3425-4375-B658-12F627CC2C6E}"
EndProject
Global
	GlobalSection(SolutionConfigurationPlatforms) = preSolution
		Debug|Any CPU = Debug|Any CPU
		Release|Any CPU = Release|Any CPU
	EndGlobalSection
	GlobalSection(ProjectConfigurationPlatforms) = postSolution
		{BF496D01-721C-4977-94CD-D4FBFD28AA7A}.Debug|Any CPU.ActiveCfg = Debug|Any CPU
		{BF496D01-721C-4977-94CD-D4FBFD28AA7A}.Debug|Any CPU.Build.0 = Debug|Any CPU
		{BF496D01-721C-4977-94CD-D4FBFD28AA7A}.Release|Any CPU.ActiveCfg = Release|Any CPU
		{BF496D01-721C-4977-94CD-D4FBFD28AA7A}.Release|Any CPU.Build.0 = Release|Any CPU
		{FBE29CEF-4EDC-42F8-8655-8FFB38542862}.Debug|Any CPU.ActiveCfg = Debug|Any CPU
		{FBE29CEF-4EDC-42F8-8655-8FFB38542862}.Debug|Any CPU.Build.0 = Debug|Any CPU
		{FBE29CEF-4EDC-42F8-8655-8FFB38542862}.Release|Any CPU.ActiveCfg = Release|Any CPU
		{FBE29CEF-4EDC-42F8-8655-8FFB38542862}.Release|Any CPU.Build.0 = Release|Any CPU
		{7D1FC558-8EB3-43E7-ABBF-EBE0D37CAA9D}.Debug|Any CPU.ActiveCfg = Debug|Any CPU
		{7D1FC558-8EB3-43E7-ABBF-EBE0D37CAA9D}.Debug|Any CPU.Build.0 = Debug|Any CPU
		{7D1FC558-8EB3-43E7-ABBF-EBE0D37CAA9D}.Release|Any CPU.ActiveCfg = Release|Any CPU
		{7D1FC558-8EB3-43E7-ABBF-EBE0D37CAA9D}.Release|Any CPU.Build.0 = Release|Any CPU
		{B10D6FF5-8970-4667-AB32-8EE1670E69C4}.Debug|Any CPU.ActiveCfg = Debug|Any CPU
		{B10D6FF5-8970-4667-AB32-8EE1670E69C4}.Debug|Any CPU.Build.0 = Debug|Any CPU
		{B10D6FF5-8970-4667-AB32-8EE1670E69C4}.Release|Any CPU.ActiveCfg = Release|Any CPU
		{B10D6FF5-8970-4667-AB32-8EE1670E69C4}.Release|Any CPU.Build.0 = Release|Any CPU
		{F0E9B080-D276-4A37-B053-40D82E0EB37E}.Debug|Any CPU.ActiveCfg = Debug|Any CPU
		{F0E9B080-D276-4A37-B053-40D82E0EB37E}.Debug|Any CPU.Build.0 = Debug|Any CPU
		{F0E9B080-D276-4A37-B053-40D82E0EB37E}.Release|Any CPU.ActiveCfg = Release|Any CPU
		{F0E9B080-D276-4A37-B053-40D82E0EB37E}.Release|Any CPU.Build.0 = Release|Any CPU
		{C12D53C4-C132-456D-AD33-7EBEE194C7F9}.Debug|Any CPU.ActiveCfg = Debug|Any CPU
		{C12D53C4-C132-456D-AD33-7EBEE194C7F9}.Debug|Any CPU.Build.0 = Debug|Any CPU
		{C12D53C4-C132-456D-AD33-7EBEE194C7F9}.Release|Any CPU.ActiveCfg = Release|Any CPU
		{C12D53C4-C132-456D-AD33-7EBEE194C7F9}.Release|Any CPU.Build.0 = Release|Any CPU
		{1EB5D86F-BE20-4265-A298-2ED683692355}.Debug|Any CPU.ActiveCfg = Debug|Any CPU
		{1EB5D86F-BE20-4265-A298-2ED683692355}.Debug|Any CPU.Build.0 = Debug|Any CPU
		{1EB5D86F-BE20-4265-A298-2ED683692355}.Release|Any CPU.ActiveCfg = Release|Any CPU
		{1EB5D86F-BE20-4265-A298-2ED683692355}.Release|Any CPU.Build.0 = Release|Any CPU
		{AED806DA-C0B6-461A-AF58-E82C23F2FDF8}.Debug|Any CPU.ActiveCfg = Debug|Any CPU
		{AED806DA-C0B6-461A-AF58-E82C23F2FDF8}.Debug|Any CPU.Build.0 = Debug|Any CPU
		{AED806DA-C0B6-461A-AF58-E82C23F2FDF8}.Release|Any CPU.ActiveCfg = Release|Any CPU
		{AED806DA-C0B6-461A-AF58-E82C23F2FDF8}.Release|Any CPU.Build.0 = Release|Any CPU
		{425203BE-D80E-4C33-940F-FA0FA12E31A7}.Debug|Any CPU.ActiveCfg = Debug|Any CPU
		{425203BE-D80E-4C33-940F-FA0FA12E31A7}.Debug|Any CPU.Build.0 = Debug|Any CPU
		{425203BE-D80E-4C33-940F-FA0FA12E31A7}.Release|Any CPU.ActiveCfg = Release|Any CPU
		{425203BE-D80E-4C33-940F-FA0FA12E31A7}.Release|Any CPU.Build.0 = Release|Any CPU
		{E6A4124B-A46F-4659-A79F-B9F6EF66A4BB}.Debug|Any CPU.ActiveCfg = Debug|Any CPU
		{E6A4124B-A46F-4659-A79F-B9F6EF66A4BB}.Debug|Any CPU.Build.0 = Debug|Any CPU
		{E6A4124B-A46F-4659-A79F-B9F6EF66A4BB}.Release|Any CPU.ActiveCfg = Release|Any CPU
		{E6A4124B-A46F-4659-A79F-B9F6EF66A4BB}.Release|Any CPU.Build.0 = Release|Any CPU
		{DDF424A6-3425-4375-B658-12F627CC2C6E}.Debug|Any CPU.ActiveCfg = Debug|Any CPU
		{DDF424A6-3425-4375-B658-12F627CC2C6E}.Debug|Any CPU.Build.0 = Debug|Any CPU
		{DDF424A6-3425-4375-B658-12F627CC2C6E}.Release|Any CPU.ActiveCfg = Release|Any CPU
		{DDF424A6-3425-4375-B658-12F627CC2C6E}.Release|Any CPU.Build.0 = Release|Any CPU
	EndGlobalSection
	GlobalSection(SolutionProperties) = preSolution
		HideSolutionNode = FALSE
	EndGlobalSection
	GlobalSection(NestedProjects) = preSolution
		{BF496D01-721C-4977-94CD-D4FBFD28AA7A} = {B59B1FDF-40A0-4323-AD8B-9BB55CEB6D40}
		{FBE29CEF-4EDC-42F8-8655-8FFB38542862} = {B59B1FDF-40A0-4323-AD8B-9BB55CEB6D40}
		{7D1FC558-8EB3-43E7-ABBF-EBE0D37CAA9D} = {B59B1FDF-40A0-4323-AD8B-9BB55CEB6D40}
		{B10D6FF5-8970-4667-AB32-8EE1670E69C4} = {B59B1FDF-40A0-4323-AD8B-9BB55CEB6D40}
		{F0E9B080-D276-4A37-B053-40D82E0EB37E} = {4F3D67B8-F577-49B5-8E3C-5977B235F48D}
		{C12D53C4-C132-456D-AD33-7EBEE194C7F9} = {4F3D67B8-F577-49B5-8E3C-5977B235F48D}
		{1EB5D86F-BE20-4265-A298-2ED683692355} = {4F3D67B8-F577-49B5-8E3C-5977B235F48D}
		{AED806DA-C0B6-461A-AF58-E82C23F2FDF8} = {487279A0-14CC-4C73-98AF-1D21C7D9B8E3}
		{425203BE-D80E-4C33-940F-FA0FA12E31A7} = {487279A0-14CC-4C73-98AF-1D21C7D9B8E3}
		{E6A4124B-A46F-4659-A79F-B9F6EF66A4BB} = {CD9F13EE-6EC7-4C07-957B-C2AA91AFBFC0}
		{DDF424A6-3425-4375-B658-12F627CC2C6E} = {CD9F13EE-6EC7-4C07-957B-C2AA91AFBFC0}
	EndGlobalSection
	GlobalSection(ExtensibilityGlobals) = postSolution
		SolutionGuid = {D4A3CDE3-15B0-4C8C-B055-4DF6D6B96974}
	EndGlobalSection
EndGlobal
